Microsoft Visual Studio Solution File, Format Version 12.00
# Visual Studio 16
Project("{8BC9CEB8-8B4A-11D0-8D11-00A0C91BC942}") = "ALL_BUILD", "ALL_BUILD.vcxproj", "{3410F7C3-745E-3B86-9078-2452C3A64A3A}"
	ProjectSection(ProjectDependencies) = postProject
		{1131226C-2929-3608-8D73-6E6DB52F8F4E} = {1131226C-2929-3608-8D73-6E6DB52F8F4E}
		{E26690B7-1E93-3C7B-9A40-9DC10963884D} = {E26690B7-1E93-3C7B-9A40-9DC10963884D}
		{3DC18FB0-EB3A-35BC-9AA3-B4A3FE50141F} = {3DC18FB0-EB3A-35BC-9AA3-B4A3FE50141F}
	EndProjectSection
EndProject
Project("{8BC9CEB8-8B4A-11D0-8D11-00A0C91BC942}") = "ALL_IDL_TGT", "src\ALL_IDL_TGT.vcxproj", "{0D8B2E6C-ADFF-3C79-B137-239DDFFAA11C}"
	ProjectSection(ProjectDependencies) = postProject
		{1131226C-2929-3608-8D73-6E6DB52F8F4E} = {1131226C-2929-3608-8D73-6E6DB52F8F4E}
	EndProjectSection
EndProject
Project("{8BC9CEB8-8B4A-11D0-8D11-00A0C91BC942}") = "INSTALL", "INSTALL.vcxproj", "{25A52451-DC6B-3D37-B933-54D729F07886}"
	ProjectSection(ProjectDependencies) = postProject
		{3410F7C3-745E-3B86-9078-2452C3A64A3A} = {3410F7C3-745E-3B86-9078-2452C3A64A3A}
		{1131226C-2929-3608-8D73-6E6DB52F8F4E} = {1131226C-2929-3608-8D73-6E6DB52F8F4E}
	EndProjectSection
EndProject
Project("{8BC9CEB8-8B4A-11D0-8D11-00A0C91BC942}") = "PACKAGE", "PACKAGE.vcxproj", "{84818792-D278-36D9-84D0-923EF61B5CF1}"
	ProjectSection(ProjectDependencies) = postProject
		{3410F7C3-745E-3B86-9078-2452C3A64A3A} = {3410F7C3-745E-3B86-9078-2452C3A64A3A}
		{1131226C-2929-3608-8D73-6E6DB52F8F4E} = {1131226C-2929-3608-8D73-6E6DB52F8F4E}
	EndProjectSection
EndProject
Project("{8BC9CEB8-8B4A-11D0-8D11-00A0C91BC942}") = "ZERO_CHECK", "ZERO_CHECK.vcxproj", "{1131226C-2929-3608-8D73-6E6DB52F8F4E}"
	ProjectSection(ProjectDependencies) = postProject
	EndProjectSection
EndProject
Project("{8BC9CEB8-8B4A-11D0-8D11-00A0C91BC942}") = "mapping", "src\mapping.vcxproj", "{E26690B7-1E93-3C7B-9A40-9DC10963884D}"
	ProjectSection(ProjectDependencies) = postProject
		{0D8B2E6C-ADFF-3C79-B137-239DDFFAA11C} = {0D8B2E6C-ADFF-3C79-B137-239DDFFAA11C}
		{1131226C-2929-3608-8D73-6E6DB52F8F4E} = {1131226C-2929-3608-8D73-6E6DB52F8F4E}
	EndProjectSection
EndProject
Project("{8BC9CEB8-8B4A-11D0-8D11-00A0C91BC942}") = "mappingComp", "src\mappingComp.vcxproj", "{3DC18FB0-EB3A-35BC-9AA3-B4A3FE50141F}"
	ProjectSection(ProjectDependencies) = postProject
		{0D8B2E6C-ADFF-3C79-B137-239DDFFAA11C} = {0D8B2E6C-ADFF-3C79-B137-239DDFFAA11C}
		{1131226C-2929-3608-8D73-6E6DB52F8F4E} = {1131226C-2929-3608-8D73-6E6DB52F8F4E}
	EndProjectSection
EndProject
Project("{8BC9CEB8-8B4A-11D0-8D11-00A0C91BC942}") = "mapping_uninstall", "mapping_uninstall.vcxproj", "{1D86F8C9-04CE-3D51-B374-96EB9E212540}"
	ProjectSection(ProjectDependencies) = postProject
		{1131226C-2929-3608-8D73-6E6DB52F8F4E} = {1131226C-2929-3608-8D73-6E6DB52F8F4E}
	EndProjectSection
EndProject
Global
	GlobalSection(SolutionConfigurationPlatforms) = preSolution
		Debug|Win32 = Debug|Win32
		Release|Win32 = Release|Win32
		MinSizeRel|Win32 = MinSizeRel|Win32
		RelWithDebInfo|Win32 = RelWithDebInfo|Win32
	EndGlobalSection
	GlobalSection(ProjectConfigurationPlatforms) = postSolution
		{3410F7C3-745E-3B86-9078-2452C3A64A3A}.Debug|Win32.ActiveCfg = Debug|Win32
		{3410F7C3-745E-3B86-9078-2452C3A64A3A}.Debug|Win32.Build.0 = Debug|Win32
		{3410F7C3-745E-3B86-9078-2452C3A64A3A}.Release|Win32.ActiveCfg = Release|Win32
		{3410F7C3-745E-3B86-9078-2452C3A64A3A}.Release|Win32.Build.0 = Release|Win32
		{3410F7C3-745E-3B86-9078-2452C3A64A3A}.MinSizeRel|Win32.ActiveCfg = MinSizeRel|Win32
		{3410F7C3-745E-3B86-9078-2452C3A64A3A}.MinSizeRel|Win32.Build.0 = MinSizeRel|Win32
		{3410F7C3-745E-3B86-9078-2452C3A64A3A}.RelWithDebInfo|Win32.ActiveCfg = RelWithDebInfo|Win32
		{3410F7C3-745E-3B86-9078-2452C3A64A3A}.RelWithDebInfo|Win32.Build.0 = RelWithDebInfo|Win32
		{0D8B2E6C-ADFF-3C79-B137-239DDFFAA11C}.Debug|Win32.ActiveCfg = Debug|Win32
		{0D8B2E6C-ADFF-3C79-B137-239DDFFAA11C}.Debug|Win32.Build.0 = Debug|Win32
		{0D8B2E6C-ADFF-3C79-B137-239DDFFAA11C}.Release|Win32.ActiveCfg = Release|Win32
		{0D8B2E6C-ADFF-3C79-B137-239DDFFAA11C}.Release|Win32.Build.0 = Release|Win32
		{0D8B2E6C-ADFF-3C79-B137-239DDFFAA11C}.MinSizeRel|Win32.ActiveCfg = MinSizeRel|Win32
		{0D8B2E6C-ADFF-3C79-B137-239DDFFAA11C}.MinSizeRel|Win32.Build.0 = MinSizeRel|Win32
		{0D8B2E6C-ADFF-3C79-B137-239DDFFAA11C}.RelWithDebInfo|Win32.ActiveCfg = RelWithDebInfo|Win32
		{0D8B2E6C-ADFF-3C79-B137-239DDFFAA11C}.RelWithDebInfo|Win32.Build.0 = RelWithDebInfo|Win32
		{25A52451-DC6B-3D37-B933-54D729F07886}.Debug|Win32.ActiveCfg = Debug|Win32
		{25A52451-DC6B-3D37-B933-54D729F07886}.Release|Win32.ActiveCfg = Release|Win32
		{25A52451-DC6B-3D37-B933-54D729F07886}.MinSizeRel|Win32.ActiveCfg = MinSizeRel|Win32
		{25A52451-DC6B-3D37-B933-54D729F07886}.RelWithDebInfo|Win32.ActiveCfg = RelWithDebInfo|Win32
		{84818792-D278-36D9-84D0-923EF61B5CF1}.Debug|Win32.ActiveCfg = Debug|Win32
		{84818792-D278-36D9-84D0-923EF61B5CF1}.Release|Win32.ActiveCfg = Release|Win32
		{84818792-D278-36D9-84D0-923EF61B5CF1}.MinSizeRel|Win32.ActiveCfg = MinSizeRel|Win32
		{84818792-D278-36D9-84D0-923EF61B5CF1}.RelWithDebInfo|Win32.ActiveCfg = RelWithDebInfo|Win32
		{1131226C-2929-3608-8D73-6E6DB52F8F4E}.Debug|Win32.ActiveCfg = Debug|Win32
		{1131226C-2929-3608-8D73-6E6DB52F8F4E}.Debug|Win32.Build.0 = Debug|Win32
		{1131226C-2929-3608-8D73-6E6DB52F8F4E}.Release|Win32.ActiveCfg = Release|Win32
		{1131226C-2929-3608-8D73-6E6DB52F8F4E}.Release|Win32.Build.0 = Release|Win32
		{1131226C-2929-3608-8D73-6E6DB52F8F4E}.MinSizeRel|Win32.ActiveCfg = MinSizeRel|Win32
		{1131226C-2929-3608-8D73-6E6DB52F8F4E}.MinSizeRel|Win32.Build.0 = MinSizeRel|Win32
		{1131226C-2929-3608-8D73-6E6DB52F8F4E}.RelWithDebInfo|Win32.ActiveCfg = RelWithDebInfo|Win32
		{1131226C-2929-3608-8D73-6E6DB52F8F4E}.RelWithDebInfo|Win32.Build.0 = RelWithDebInfo|Win32
		{E26690B7-1E93-3C7B-9A40-9DC10963884D}.Debug|Win32.ActiveCfg = Debug|Win32
		{E26690B7-1E93-3C7B-9A40-9DC10963884D}.Debug|Win32.Build.0 = Debug|Win32
		{E26690B7-1E93-3C7B-9A40-9DC10963884D}.Release|Win32.ActiveCfg = Release|Win32
		{E26690B7-1E93-3C7B-9A40-9DC10963884D}.Release|Win32.Build.0 = Release|Win32
		{E26690B7-1E93-3C7B-9A40-9DC10963884D}.MinSizeRel|Win32.ActiveCfg = MinSizeRel|Win32
		{E26690B7-1E93-3C7B-9A40-9DC10963884D}.MinSizeRel|Win32.Build.0 = MinSizeRel|Win32
		{E26690B7-1E93-3C7B-9A40-9DC10963884D}.RelWithDebInfo|Win32.ActiveCfg = RelWithDebInfo|Win32
		{E26690B7-1E93-3C7B-9A40-9DC10963884D}.RelWithDebInfo|Win32.Build.0 = RelWithDebInfo|Win32
		{3DC18FB0-EB3A-35BC-9AA3-B4A3FE50141F}.Debug|Win32.ActiveCfg = Debug|Win32
		{3DC18FB0-EB3A-35BC-9AA3-B4A3FE50141F}.Debug|Win32.Build.0 = Debug|Win32
		{3DC18FB0-EB3A-35BC-9AA3-B4A3FE50141F}.Release|Win32.ActiveCfg = Release|Win32
		{3DC18FB0-EB3A-35BC-9AA3-B4A3FE50141F}.Release|Win32.Build.0 = Release|Win32
		{3DC18FB0-EB3A-35BC-9AA3-B4A3FE50141F}.MinSizeRel|Win32.ActiveCfg = MinSizeRel|Win32
		{3DC18FB0-EB3A-35BC-9AA3-B4A3FE50141F}.MinSizeRel|Win32.Build.0 = MinSizeRel|Win32
		{3DC18FB0-EB3A-35BC-9AA3-B4A3FE50141F}.RelWithDebInfo|Win32.ActiveCfg = RelWithDebInfo|Win32
		{3DC18FB0-EB3A-35BC-9AA3-B4A3FE50141F}.RelWithDebInfo|Win32.Build.0 = RelWithDebInfo|Win32
		{1D86F8C9-04CE-3D51-B374-96EB9E212540}.Debug|Win32.ActiveCfg = Debug|Win32
		{1D86F8C9-04CE-3D51-B374-96EB9E212540}.Release|Win32.ActiveCfg = Release|Win32
		{1D86F8C9-04CE-3D51-B374-96EB9E212540}.MinSizeRel|Win32.ActiveCfg = MinSizeRel|Win32
		{1D86F8C9-04CE-3D51-B374-96EB9E212540}.RelWithDebInfo|Win32.ActiveCfg = RelWithDebInfo|Win32
	EndGlobalSection
	GlobalSection(ExtensibilityGlobals) = postSolution
		SolutionGuid = {006D90FB-3286-3D1C-B4B1-9FAE81EE8AAB}
	EndGlobalSection
	GlobalSection(ExtensibilityAddIns) = postSolution
	EndGlobalSection
EndGlobal
